{
  "name": "new-tab-moment",
  "version": "0.0.1",
  "lockfileVersion": 1,
  "requires": true,
  "dependencies": {
    "web-ext-types": {
      "version": "2.0.1",
      "resolved": "https://registry.npmjs.org/web-ext-types/-/web-ext-types-2.0.1.tgz",
      "integrity": "sha512-7kRibFwyyM4rzIBr50ZC0OuOTSlPDWY/+kpwM1i1DCIasPLc7kEuRnui7zsdLIciqB4cx1AnxUgUf9sG8nSs8A==",
      "dev": true
    }
  }
}
