{
  "name": "new-tab-moment",
  "version": "0.0.1",
  "lockfileVersion": 1,
  "requires": true,
  "dependencies": {
    "web-ext-types": {
      "version": "1.1.1",
      "resolved": "https://registry.npmjs.org/web-ext-types/-/web-ext-types-1.1.1.tgz",
      "integrity": "sha512-FUeTtF28HVaIgopckMdsAlJhnS2NsRElrTctSWtmif04wSp45Xc3ez/7rFBhc3Gs4rJhSibGELlnwMGKYM8x9w==",
      "dev": true
    }
  }
}
